Microsoft Visual Studio Solution File, Format Version 12.00
# Visual Studio 2012
Project("{FAE04EC0-301F-11D3-BF4B-00C04F79EFBC}") = "Fps Controller", "Fps Controller.csproj", "{F763A716-89EA-4E10-8097-761290D2F3C1}"
EndProject
Global
	GlobalSection(SolutionConfigurationPlatforms) = preSolution
	Debug|Any CPU = Debug|Any CPU
	ExportDebug|Any CPU = ExportDebug|Any CPU
	ExportRelease|Any CPU = ExportRelease|Any CPU
	EndGlobalSection
	GlobalSection(ProjectConfigurationPlatforms) = postSolution
		{F763A716-89EA-4E10-8097-761290D2F3C1}.Debug|Any CPU.ActiveCfg = Debug|Any CPU
		{F763A716-89EA-4E10-8097-761290D2F3C1}.Debug|Any CPU.Build.0 = Debug|Any CPU
		{F763A716-89EA-4E10-8097-761290D2F3C1}.ExportDebug|Any CPU.ActiveCfg = ExportDebug|Any CPU
		{F763A716-89EA-4E10-8097-761290D2F3C1}.ExportDebug|Any CPU.Build.0 = ExportDebug|Any CPU
		{F763A716-89EA-4E10-8097-761290D2F3C1}.ExportRelease|Any CPU.ActiveCfg = ExportRelease|Any CPU
		{F763A716-89EA-4E10-8097-761290D2F3C1}.ExportRelease|Any CPU.Build.0 = ExportRelease|Any CPU
	EndGlobalSection
EndGlobal
